// !$*UTF8*$!
{
	archiveVersion = 1;
	classes = {
	};
	objectVersion = 56;
	objects = {

/* Begin PBXBuildFile section */
		3E4204832926B9F5002907DD /* HideNSeekApp.swift in Sources */ = {isa = PBXBuildFile; fileRef = 3E4204822926B9F5002907DD /* HideNSeekApp.swift */; };
		3E4204872926B9F8002907DD /* Assets.xcassets in Resources */ = {isa = PBXBuildFile; fileRef = 3E4204862926B9F8002907DD /* Assets.xcassets */; };
		3E42048A2926B9F8002907DD /* Preview Assets.xcassets in Resources */ = {isa = PBXBuildFile; fileRef = 3E4204892926B9F8002907DD /* Preview Assets.xcassets */; };
		3E4204942926B9F8002907DD /* HideNSeekTests.swift in Sources */ = {isa = PBXBuildFile; fileRef = 3E4204932926B9F8002907DD /* HideNSeekTests.swift */; };
		3E42049E2926B9F8002907DD /* HideNSeekUITests.swift in Sources */ = {isa = PBXBuildFile; fileRef = 3E42049D2926B9F8002907DD /* HideNSeekUITests.swift */; };
		3E4204A02926B9F8002907DD /* HideNSeekUITestsLaunchTests.swift in Sources */ = {isa = PBXBuildFile; fileRef = 3E42049F2926B9F8002907DD /* HideNSeekUITestsLaunchTests.swift */; };
		3E4204AD2926BB25002907DD /* RolePickerView.swift in Sources */ = {isa = PBXBuildFile; fileRef = 3E4204AC2926BB25002907DD /* RolePickerView.swift */; };
		3E4204B12926BB74002907DD /* HiderView.swift in Sources */ = {isa = PBXBuildFile; fileRef = 3E4204B02926BB74002907DD /* HiderView.swift */; };
		3E4204B32926BB7E002907DD /* SeekerView.swift in Sources */ = {isa = PBXBuildFile; fileRef = 3E4204B22926BB7E002907DD /* SeekerView.swift */; };
		3E4204B92926CAAC002907DD /* birds.mp3 in Resources */ = {isa = PBXBuildFile; fileRef = 3E4204B82926CAAC002907DD /* birds.mp3 */; };
		3E4204BB2926CB85002907DD /* CircleButton.swift in Sources */ = {isa = PBXBuildFile; fileRef = 3E4204BA2926CB85002907DD /* CircleButton.swift */; };
		3E4204BD2926CCD8002907DD /* HiderView-ViewModel.swift in Sources */ = {isa = PBXBuildFile; fileRef = 3E4204BC2926CCD8002907DD /* HiderView-ViewModel.swift */; };
		3E4204BF2926CD1F002907DD /* AudioService.swift in Sources */ = {isa = PBXBuildFile; fileRef = 3E4204BE2926CD1F002907DD /* AudioService.swift */; };
		3E4204C32926D498002907DD /* Constants.swift in Sources */ = {isa = PBXBuildFile; fileRef = 3E4204C22926D498002907DD /* Constants.swift */; };
		3E4204D7292821C6002907DD /* SeekerView-ViewModel.swift in Sources */ = {isa = PBXBuildFile; fileRef = 3E4204D6292821C6002907DD /* SeekerView-ViewModel.swift */; };
		3E4204D9292842DA002907DD /* BluetoothService.swift in Sources */ = {isa = PBXBuildFile; fileRef = 3E4204D8292842DA002907DD /* BluetoothService.swift */; };
		3E4204DB29284377002907DD /* DiscoverServiceProtocol.swift in Sources */ = {isa = PBXBuildFile; fileRef = 3E4204DA29284377002907DD /* DiscoverServiceProtocol.swift */; };
		3E4204DE2928B423002907DD /* Localizable.strings in Resources */ = {isa = PBXBuildFile; fileRef = 3E4204E02928B423002907DD /* Localizable.strings */; };
		3E4204E32928B4D4002907DD /* String+extension.swift in Sources */ = {isa = PBXBuildFile; fileRef = 3E4204E22928B4D4002907DD /* String+extension.swift */; };
		3E4204E829296A36002907DD /* BirdsClassifier.mlmodel in Sources */ = {isa = PBXBuildFile; fileRef = 3E4204E729296A35002907DD /* BirdsClassifier.mlmodel */; };
/* End PBXBuildFile section */

/* Begin PBXContainerItemProxy section */
		3E4204902926B9F8002907DD /* PBXContainerItemProxy */ = {
			isa = PBXContainerItemProxy;
			containerPortal = 3E4204772926B9F5002907DD /* Project object */;
			proxyType = 1;
			remoteGlobalIDString = 3E42047E2926B9F5002907DD;
			remoteInfo = HideNSeek;
		};
		3E42049A2926B9F8002907DD /* PBXContainerItemProxy */ = {
			isa = PBXContainerItemProxy;
			containerPortal = 3E4204772926B9F5002907DD /* Project object */;
			proxyType = 1;
			remoteGlobalIDString = 3E42047E2926B9F5002907DD;
			remoteInfo = HideNSeek;
		};
/* End PBXContainerItemProxy section */

/* Begin PBXFileReference section */
		3E42047F2926B9F5002907DD /* HideNSeek.app */ = {isa = PBXFileReference; explicitFileType = wrapper.application; includeInIndex = 0; path = HideNSeek.app; sourceTree = BUILT_PRODUCTS_DIR; };
		3E4204822926B9F5002907DD /* HideNSeekApp.swift */ = {isa = PBXFileReference; lastKnownFileType = sourcecode.swift; path = HideNSeekApp.swift; sourceTree = "<group>"; };
		3E4204862926B9F8002907DD /* Assets.xcassets */ = {isa = PBXFileReference; lastKnownFileType = folder.assetcatalog; path = Assets.xcassets; sourceTree = "<group>"; };
		3E4204892926B9F8002907DD /* Preview Assets.xcassets */ = {isa = PBXFileReference; lastKnownFileType = folder.assetcatalog; path = "Preview Assets.xcassets"; sourceTree = "<group>"; };
		3E42048F2926B9F8002907DD /* HideNSeekTests.xctest */ = {isa = PBXFileReference; explicitFileType = wrapper.cfbundle; includeInIndex = 0; path = HideNSeekTests.xctest; sourceTree = BUILT_PRODUCTS_DIR; };
		3E4204932926B9F8002907DD /* HideNSeekTests.swift */ = {isa = PBXFileReference; lastKnownFileType = sourcecode.swift; path = HideNSeekTests.swift; sourceTree = "<group>"; };
		3E4204992926B9F8002907DD /* HideNSeekUITests.xctest */ = {isa = PBXFileReference; explicitFileType = wrapper.cfbundle; includeInIndex = 0; path = HideNSeekUITests.xctest; sourceTree = BUILT_PRODUCTS_DIR; };
		3E42049D2926B9F8002907DD /* HideNSeekUITests.swift */ = {isa = PBXFileReference; lastKnownFileType = sourcecode.swift; path = HideNSeekUITests.swift; sourceTree = "<group>"; };
		3E42049F2926B9F8002907DD /* HideNSeekUITestsLaunchTests.swift */ = {isa = PBXFileReference; lastKnownFileType = sourcecode.swift; path = HideNSeekUITestsLaunchTests.swift; sourceTree = "<group>"; };
		3E4204AC2926BB25002907DD /* RolePickerView.swift */ = {isa = PBXFileReference; fileEncoding = 4; lastKnownFileType = sourcecode.swift; path = RolePickerView.swift; sourceTree = "<group>"; };
		3E4204B02926BB74002907DD /* HiderView.swift */ = {isa = PBXFileReference; lastKnownFileType = sourcecode.swift; path = HiderView.swift; sourceTree = "<group>"; };
		3E4204B22926BB7E002907DD /* SeekerView.swift */ = {isa = PBXFileReference; lastKnownFileType = sourcecode.swift; path = SeekerView.swift; sourceTree = "<group>"; };
		3E4204B82926CAAC002907DD /* birds.mp3 */ = {isa = PBXFileReference; lastKnownFileType = audio.mp3; path = birds.mp3; sourceTree = "<group>"; };
		3E4204BA2926CB85002907DD /* CircleButton.swift */ = {isa = PBXFileReference; lastKnownFileType = sourcecode.swift; path = CircleButton.swift; sourceTree = "<group>"; };
		3E4204BC2926CCD8002907DD /* HiderView-ViewModel.swift */ = {isa = PBXFileReference; lastKnownFileType = sourcecode.swift; path = "HiderView-ViewModel.swift"; sourceTree = "<group>"; };
		3E4204BE2926CD1F002907DD /* AudioService.swift */ = {isa = PBXFileReference; lastKnownFileType = sourcecode.swift; path = AudioService.swift; sourceTree = "<group>"; };
		3E4204C22926D498002907DD /* Constants.swift */ = {isa = PBXFileReference; lastKnownFileType = sourcecode.swift; path = Constants.swift; sourceTree = "<group>"; };
		3E4204D6292821C6002907DD /* SeekerView-ViewModel.swift */ = {isa = PBXFileReference; lastKnownFileType = sourcecode.swift; path = "SeekerView-ViewModel.swift"; sourceTree = "<group>"; };
		3E4204D8292842DA002907DD /* BluetoothService.swift */ = {isa = PBXFileReference; lastKnownFileType = sourcecode.swift; path = BluetoothService.swift; sourceTree = "<group>"; };
		3E4204DA29284377002907DD /* DiscoverServiceProtocol.swift */ = {isa = PBXFileReference; lastKnownFileType = sourcecode.swift; path = DiscoverServiceProtocol.swift; sourceTree = "<group>"; };
		3E4204DF2928B423002907DD /* en */ = {isa = PBXFileReference; lastKnownFileType = text.plist.strings; name = en; path = en.lproj/Localizable.strings; sourceTree = "<group>"; };
		3E4204E12928B42E002907DD /* ru */ = {isa = PBXFileReference; lastKnownFileType = text.plist.strings; name = ru; path = ru.lproj/Localizable.strings; sourceTree = "<group>"; };
		3E4204E22928B4D4002907DD /* String+extension.swift */ = {isa = PBXFileReference; fileEncoding = 4; lastKnownFileType = sourcecode.swift; path = "String+extension.swift"; sourceTree = "<group>"; };
		3E4204E429290554002907DD /* Info.plist */ = {isa = PBXFileReference; lastKnownFileType = text.plist; path = Info.plist; sourceTree = "<group>"; };
		3E4204E729296A35002907DD /* BirdsClassifier.mlmodel */ = {isa = PBXFileReference; lastKnownFileType = file.mlmodel; path = BirdsClassifier.mlmodel; sourceTree = "<group>"; };
/* End PBXFileReference section */

/* Begin PBXFrameworksBuildPhase section */
		3E42047C2926B9F5002907DD /* Frameworks */ = {
			isa = PBXFrameworksBuildPhase;
			buildActionMask = 2147483647;
			files = (
			);
			runOnlyForDeploymentPostprocessing = 0;
		};
		3E42048C2926B9F8002907DD /* Frameworks */ = {
			isa = PBXFrameworksBuildPhase;
			buildActionMask = 2147483647;
			files = (
			);
			runOnlyForDeploymentPostprocessing = 0;
		};
		3E4204962926B9F8002907DD /* Frameworks */ = {
			isa = PBXFrameworksBuildPhase;
			buildActionMask = 2147483647;
			files = (
			);
			runOnlyForDeploymentPostprocessing = 0;
		};
/* End PBXFrameworksBuildPhase section */

/* Begin PBXGroup section */
		3E4204762926B9F5002907DD = {
			isa = PBXGroup;
			children = (
				3E4204812926B9F5002907DD /* HideNSeek */,
				3E4204922926B9F8002907DD /* HideNSeekTests */,
				3E42049C2926B9F8002907DD /* HideNSeekUITests */,
				3E4204802926B9F5002907DD /* Products */,
			);
			sourceTree = "<group>";
		};
		3E4204802926B9F5002907DD /* Products */ = {
			isa = PBXGroup;
			children = (
				3E42047F2926B9F5002907DD /* HideNSeek.app */,
				3E42048F2926B9F8002907DD /* HideNSeekTests.xctest */,
				3E4204992926B9F8002907DD /* HideNSeekUITests.xctest */,
			);
			name = Products;
			sourceTree = "<group>";
		};
		3E4204812926B9F5002907DD /* HideNSeek */ = {
			isa = PBXGroup;
			children = (
				3E4204E429290554002907DD /* Info.plist */,
				3E4204822926B9F5002907DD /* HideNSeekApp.swift */,
				3E4204AC2926BB25002907DD /* RolePickerView.swift */,
				3E4204862926B9F8002907DD /* Assets.xcassets */,
				3E4204882926B9F8002907DD /* Preview Content */,
				3E4204B02926BB74002907DD /* HiderView.swift */,
				3E4204BC2926CCD8002907DD /* HiderView-ViewModel.swift */,
				3E4204B22926BB7E002907DD /* SeekerView.swift */,
				3E4204D6292821C6002907DD /* SeekerView-ViewModel.swift */,
				3E4204BE2926CD1F002907DD /* AudioService.swift */,
				3E4204D8292842DA002907DD /* BluetoothService.swift */,
				3E4204DA29284377002907DD /* DiscoverServiceProtocol.swift */,
				3E4204BA2926CB85002907DD /* CircleButton.swift */,
				3E4204C22926D498002907DD /* Constants.swift */,
				3E4204E22928B4D4002907DD /* String+extension.swift */,
				3E4204E729296A35002907DD /* BirdsClassifier.mlmodel */,
				3E4204B82926CAAC002907DD /* birds.mp3 */,
				3E4204E02928B423002907DD /* Localizable.strings */,
			);
			path = HideNSeek;
			sourceTree = "<group>";
		};
		3E4204882926B9F8002907DD /* Preview Content */ = {
			isa = PBXGroup;
			children = (
				3E4204892926B9F8002907DD /* Preview Assets.xcassets */,
			);
			path = "Preview Content";
			sourceTree = "<group>";
		};
		3E4204922926B9F8002907DD /* HideNSeekTests */ = {
			isa = PBXGroup;
			children = (
				3E4204932926B9F8002907DD /* HideNSeekTests.swift */,
			);
			path = HideNSeekTests;
			sourceTree = "<group>";
		};
		3E42049C2926B9F8002907DD /* HideNSeekUITests */ = {
			isa = PBXGroup;
			children = (
				3E42049D2926B9F8002907DD /* HideNSeekUITests.swift */,
				3E42049F2926B9F8002907DD /* HideNSeekUITestsLaunchTests.swift */,
			);
			path = HideNSeekUITests;
			sourceTree = "<group>";
		};
/* End PBXGroup section */

/* Begin PBXNativeTarget section */
		3E42047E2926B9F5002907DD /* HideNSeek */ = {
			isa = PBXNativeTarget;
			buildConfigurationList = 3E4204A32926B9F8002907DD /* Build configuration list for PBXNativeTarget "HideNSeek" */;
			buildPhases = (
				3E42047B2926B9F5002907DD /* Sources */,
				3E42047C2926B9F5002907DD /* Frameworks */,
				3E42047D2926B9F5002907DD /* Resources */,
			);
			buildRules = (
			);
			dependencies = (
			);
			name = HideNSeek;
			productName = HideNSeek;
			productReference = 3E42047F2926B9F5002907DD /* HideNSeek.app */;
			productType = "com.apple.product-type.application";
		};
		3E42048E2926B9F8002907DD /* HideNSeekTests */ = {
			isa = PBXNativeTarget;
			buildConfigurationList = 3E4204A62926B9F8002907DD /* Build configuration list for PBXNativeTarget "HideNSeekTests" */;
			buildPhases = (
				3E42048B2926B9F8002907DD /* Sources */,
				3E42048C2926B9F8002907DD /* Frameworks */,
				3E42048D2926B9F8002907DD /* Resources */,
			);
			buildRules = (
			);
			dependencies = (
				3E4204912926B9F8002907DD /* PBXTargetDependency */,
			);
			name = HideNSeekTests;
			productName = HideNSeekTests;
			productReference = 3E42048F2926B9F8002907DD /* HideNSeekTests.xctest */;
			productType = "com.apple.product-type.bundle.unit-test";
		};
		3E4204982926B9F8002907DD /* HideNSeekUITests */ = {
			isa = PBXNativeTarget;
			buildConfigurationList = 3E4204A92926B9F8002907DD /* Build configuration list for PBXNativeTarget "HideNSeekUITests" */;
			buildPhases = (
				3E4204952926B9F8002907DD /* Sources */,
				3E4204962926B9F8002907DD /* Frameworks */,
				3E4204972926B9F8002907DD /* Resources */,
			);
			buildRules = (
			);
			dependencies = (
				3E42049B2926B9F8002907DD /* PBXTargetDependency */,
			);
			name = HideNSeekUITests;
			productName = HideNSeekUITests;
			productReference = 3E4204992926B9F8002907DD /* HideNSeekUITests.xctest */;
			productType = "com.apple.product-type.bundle.ui-testing";
		};
/* End PBXNativeTarget section */

/* Begin PBXProject section */
		3E4204772926B9F5002907DD /* Project object */ = {
			isa = PBXProject;
			attributes = {
				BuildIndependentTargetsInParallel = 1;
				LastSwiftUpdateCheck = 1410;
				LastUpgradeCheck = 1410;
				TargetAttributes = {
					3E42047E2926B9F5002907DD = {
						CreatedOnToolsVersion = 14.1;
					};
					3E42048E2926B9F8002907DD = {
						CreatedOnToolsVersion = 14.1;
						TestTargetID = 3E42047E2926B9F5002907DD;
					};
					3E4204982926B9F8002907DD = {
						CreatedOnToolsVersion = 14.1;
						TestTargetID = 3E42047E2926B9F5002907DD;
					};
				};
			};
			buildConfigurationList = 3E42047A2926B9F5002907DD /* Build configuration list for PBXProject "HideNSeek" */;
			compatibilityVersion = "Xcode 14.0";
			developmentRegion = en;
			hasScannedForEncodings = 0;
			knownRegions = (
				en,
				Base,
				ru,
			);
			mainGroup = 3E4204762926B9F5002907DD;
			productRefGroup = 3E4204802926B9F5002907DD /* Products */;
			projectDirPath = "";
			projectRoot = "";
			targets = (
				3E42047E2926B9F5002907DD /* HideNSeek */,
				3E42048E2926B9F8002907DD /* HideNSeekTests */,
				3E4204982926B9F8002907DD /* HideNSeekUITests */,
			);
		};
/* End PBXProject section */

/* Begin PBXResourcesBuildPhase section */
		3E42047D2926B9F5002907DD /* Resources */ = {
			isa = PBXResourcesBuildPhase;
			buildActionMask = 2147483647;
			files = (
				3E42048A2926B9F8002907DD /* Preview Assets.xcassets in Resources */,
				3E4204DE2928B423002907DD /* Localizable.strings in Resources */,
				3E4204B92926CAAC002907DD /* birds.mp3 in Resources */,
				3E4204872926B9F8002907DD /* Assets.xcassets in Resources */,
			);
			runOnlyForDeploymentPostprocessing = 0;
		};
		3E42048D2926B9F8002907DD /* Resources */ = {
			isa = PBXResourcesBuildPhase;
			buildActionMask = 2147483647;
			files = (
			);
			runOnlyForDeploymentPostprocessing = 0;
		};
		3E4204972926B9F8002907DD /* Resources */ = {
			isa = PBXResourcesBuildPhase;
			buildActionMask = 2147483647;
			files = (
			);
			runOnlyForDeploymentPostprocessing = 0;
		};
/* End PBXResourcesBuildPhase section */

/* Begin PBXSourcesBuildPhase section */
		3E42047B2926B9F5002907DD /* Sources */ = {
			isa = PBXSourcesBuildPhase;
			buildActionMask = 2147483647;
			files = (
				3E4204D9292842DA002907DD /* BluetoothService.swift in Sources */,
				3E4204BB2926CB85002907DD /* CircleButton.swift in Sources */,
				3E4204AD2926BB25002907DD /* RolePickerView.swift in Sources */,
				3E4204D7292821C6002907DD /* SeekerView-ViewModel.swift in Sources */,
				3E4204B12926BB74002907DD /* HiderView.swift in Sources */,
				3E4204BD2926CCD8002907DD /* HiderView-ViewModel.swift in Sources */,
				3E4204B32926BB7E002907DD /* SeekerView.swift in Sources */,
				3E4204BF2926CD1F002907DD /* AudioService.swift in Sources */,
				3E4204E829296A36002907DD /* BirdsClassifier.mlmodel in Sources */,
				3E4204832926B9F5002907DD /* HideNSeekApp.swift in Sources */,
				3E4204C32926D498002907DD /* Constants.swift in Sources */,
				3E4204DB29284377002907DD /* DiscoverServiceProtocol.swift in Sources */,
				3E4204E32928B4D4002907DD /* String+extension.swift in Sources */,
			);
			runOnlyForDeploymentPostprocessing = 0;
		};
		3E42048B2926B9F8002907DD /* Sources */ = {
			isa = PBXSourcesBuildPhase;
			buildActionMask = 2147483647;
			files = (
				3E4204942926B9F8002907DD /* HideNSeekTests.swift in Sources */,
			);
			runOnlyForDeploymentPostprocessing = 0;
		};
		3E4204952926B9F8002907DD /* Sources */ = {
			isa = PBXSourcesBuildPhase;
			buildActionMask = 2147483647;
			files = (
				3E42049E2926B9F8002907DD /* HideNSeekUITests.swift in Sources */,
				3E4204A02926B9F8002907DD /* HideNSeekUITestsLaunchTests.swift in Sources */,
			);
			runOnlyForDeploymentPostprocessing = 0;
		};
/* End PBXSourcesBuildPhase section */

/* Begin PBXTargetDependency section */
		3E4204912926B9F8002907DD /* PBXTargetDependency */ = {
			isa = PBXTargetDependency;
			target = 3E42047E2926B9F5002907DD /* HideNSeek */;
			targetProxy = 3E4204902926B9F8002907DD /* PBXContainerItemProxy */;
		};
		3E42049B2926B9F8002907DD /* PBXTargetDependency */ = {
			isa = PBXTargetDependency;
			target = 3E42047E2926B9F5002907DD /* HideNSeek */;
			targetProxy = 3E42049A2926B9F8002907DD /* PBXContainerItemProxy */;
		};
/* End PBXTargetDependency section */

/* Begin PBXVariantGroup section */
		3E4204E02928B423002907DD /* Localizable.strings */ = {
			isa = PBXVariantGroup;
			children = (
				3E4204DF2928B423002907DD /* en */,
				3E4204E12928B42E002907DD /* ru */,
			);
			name = Localizable.strings;
			sourceTree = "<group>";
		};
/* End PBXVariantGroup section */

/* Begin XCBuildConfiguration section */
		3E4204A12926B9F8002907DD /* Debug */ = {
			isa = XCBuildConfiguration;
			buildSettings = {
				ALWAYS_SEARCH_USER_PATHS = NO;
				CLANG_ANALYZER_LOCALIZABILITY_NONLOCALIZED = YES;
				CLANG_ANALYZER_NONNULL = YES;
				CLANG_ANALYZER_NUMBER_OBJECT_CONVERSION = YES_AGGRESSIVE;
				CLANG_CXX_LANGUAGE_STANDARD = "gnu++20";
				CLANG_ENABLE_MODULES = YES;
				CLANG_ENABLE_OBJC_ARC = YES;
				CLANG_ENABLE_OBJC_WEAK = YES;
				CLANG_WARN_BLOCK_CAPTURE_AUTORELEASING = YES;
				CLANG_WARN_BOOL_CONVERSION = YES;
				CLANG_WARN_COMMA = YES;
				CLANG_WARN_CONSTANT_CONVERSION = YES;
				CLANG_WARN_DEPRECATED_OBJC_IMPLEMENTATIONS = YES;
				CLANG_WARN_DIRECT_OBJC_ISA_USAGE = YES_ERROR;
				CLANG_WARN_DOCUMENTATION_COMMENTS = YES;
				CLANG_WARN_EMPTY_BODY = YES;
				CLANG_WARN_ENUM_CONVERSION = YES;
				CLANG_WARN_INFINITE_RECURSION = YES;
				CLANG_WARN_INT_CONVERSION = YES;
				CLANG_WARN_NON_LITERAL_NULL_CONVERSION = YES;
				CLANG_WARN_OBJC_IMPLICIT_RETAIN_SELF = YES;
				CLANG_WARN_OBJC_LITERAL_CONVERSION = YES;
				CLANG_WARN_OBJC_ROOT_CLASS = YES_ERROR;
				CLANG_WARN_QUOTED_INCLUDE_IN_FRAMEWORK_HEADER = YES;
				CLANG_WARN_RANGE_LOOP_ANALYSIS = YES;
				CLANG_WARN_STRICT_PROTOTYPES = YES;
				CLANG_WARN_SUSPICIOUS_MOVE = YES;
				CLANG_WARN_UNGUARDED_AVAILABILITY = YES_AGGRESSIVE;
				CLANG_WARN_UNREACHABLE_CODE = YES;
				CLANG_WARN__DUPLICATE_METHOD_MATCH = YES;
				COPY_PHASE_STRIP = NO;
				DEBUG_INFORMATION_FORMAT = dwarf;
				ENABLE_STRICT_OBJC_MSGSEND = YES;
				ENABLE_TESTABILITY = YES;
				GCC_C_LANGUAGE_STANDARD = gnu11;
				GCC_DYNAMIC_NO_PIC = NO;
				GCC_NO_COMMON_BLOCKS = YES;
				GCC_OPTIMIZATION_LEVEL = 0;
				GCC_PREPROCESSOR_DEFINITIONS = (
					"DEBUG=1",
					"$(inherited)",
				);
				GCC_WARN_64_TO_32_BIT_CONVERSION = YES;
				GCC_WARN_ABOUT_RETURN_TYPE = YES_ERROR;
				GCC_WARN_UNDECLARED_SELECTOR = YES;
				GCC_WARN_UNINITIALIZED_AUTOS = YES_AGGRESSIVE;
				GCC_WARN_UNUSED_FUNCTION = YES;
				GCC_WARN_UNUSED_VARIABLE = YES;
				IPHONEOS_DEPLOYMENT_TARGET = 13.0;
				MTL_ENABLE_DEBUG_INFO = INCLUDE_SOURCE;
				MTL_FAST_MATH = YES;
				ONLY_ACTIVE_ARCH = YES;
				SDKROOT = iphoneos;
				SWIFT_ACTIVE_COMPILATION_CONDITIONS = DEBUG;
				SWIFT_OPTIMIZATION_LEVEL = "-Onone";
			};
			name = Debug;
		};
		3E4204A22926B9F8002907DD /* Release */ = {
			isa = XCBuildConfiguration;
			buildSettings = {
				ALWAYS_SEARCH_USER_PATHS = NO;
				CLANG_ANALYZER_LOCALIZABILITY_NONLOCALIZED = YES;
				CLANG_ANALYZER_NONNULL = YES;
				CLANG_ANALYZER_NUMBER_OBJECT_CONVERSION = YES_AGGRESSIVE;
				CLANG_CXX_LANGUAGE_STANDARD = "gnu++20";
				CLANG_ENABLE_MODULES = YES;
				CLANG_ENABLE_OBJC_ARC = YES;
				CLANG_ENABLE_OBJC_WEAK = YES;
				CLANG_WARN_BLOCK_CAPTURE_AUTORELEASING = YES;
				CLANG_WARN_BOOL_CONVERSION = YES;
				CLANG_WARN_COMMA = YES;
				CLANG_WARN_CONSTANT_CONVERSION = YES;
				CLANG_WARN_DEPRECATED_OBJC_IMPLEMENTATIONS = YES;
				CLANG_WARN_DIRECT_OBJC_ISA_USAGE = YES_ERROR;
				CLANG_WARN_DOCUMENTATION_COMMENTS = YES;
				CLANG_WARN_EMPTY_BODY = YES;
				CLANG_WARN_ENUM_CONVERSION = YES;
				CLANG_WARN_INFINITE_RECURSION = YES;
				CLANG_WARN_INT_CONVERSION = YES;
				CLANG_WARN_NON_LITERAL_NULL_CONVERSION = YES;
				CLANG_WARN_OBJC_IMPLICIT_RETAIN_SELF = YES;
				CLANG_WARN_OBJC_LITERAL_CONVERSION = YES;
				CLANG_WARN_OBJC_ROOT_CLASS = YES_ERROR;
				CLANG_WARN_QUOTED_INCLUDE_IN_FRAMEWORK_HEADER = YES;
				CLANG_WARN_RANGE_LOOP_ANALYSIS = YES;
				CLANG_WARN_STRICT_PROTOTYPES = YES;
				CLANG_WARN_SUSPICIOUS_MOVE = YES;
				CLANG_WARN_UNGUARDED_AVAILABILITY = YES_AGGRESSIVE;
				CLANG_WARN_UNREACHABLE_CODE = YES;
				CLANG_WARN__DUPLICATE_METHOD_MATCH = YES;
				COPY_PHASE_STRIP = NO;
				DEBUG_INFORMATION_FORMAT = "dwarf-with-dsym";
				ENABLE_NS_ASSERTIONS = NO;
				ENABLE_STRICT_OBJC_MSGSEND = YES;
				GCC_C_LANGUAGE_STANDARD = gnu11;
				GCC_NO_COMMON_BLOCKS = YES;
				GCC_WARN_64_TO_32_BIT_CONVERSION = YES;
				GCC_WARN_ABOUT_RETURN_TYPE = YES_ERROR;
				GCC_WARN_UNDECLARED_SELECTOR = YES;
				GCC_WARN_UNINITIALIZED_AUTOS = YES_AGGRESSIVE;
				GCC_WARN_UNUSED_FUNCTION = YES;
				GCC_WARN_UNUSED_VARIABLE = YES;
				IPHONEOS_DEPLOYMENT_TARGET = 13.0;
				MTL_ENABLE_DEBUG_INFO = NO;
				MTL_FAST_MATH = YES;
				SDKROOT = iphoneos;
				SWIFT_COMPILATION_MODE = wholemodule;
				SWIFT_OPTIMIZATION_LEVEL = "-O";
				VALIDATE_PRODUCT = YES;
			};
			name = Release;
		};
		3E4204A42926B9F8002907DD /* Debug */ = {
			isa = XCBuildConfiguration;
			buildSettings = {
				ASSETCATALOG_COMPILER_APPICON_NAME = AppIcon;
				ASSETCATALOG_COMPILER_GLOBAL_ACCENT_COLOR_NAME = AccentColor;
				CODE_SIGN_STYLE = Automatic;
				CURRENT_PROJECT_VERSION = 1;
				DEVELOPMENT_ASSET_PATHS = "\"HideNSeek/Preview Content\"";
				DEVELOPMENT_TEAM = S4TJY8UCM7;
				ENABLE_PREVIEWS = YES;
				GENERATE_INFOPLIST_FILE = YES;
				INFOPLIST_FILE = HideNSeek/Info.plist;
				INFOPLIST_KEY_NSBluetoothAlwaysUsageDescription = "Bluetooth is used for seeking";
				INFOPLIST_KEY_NSMicrophoneUsageDescription = "Microphone is used for seeking";
				INFOPLIST_KEY_UIApplicationSupportsIndirectInputEvents = YES;
				INFOPLIST_KEY_UILaunchScreen_Generation = YES;
				INFOPLIST_KEY_UISupportedInterfaceOrientations_iPad = "UIInterfaceOrientationPortrait UIInterfaceOrientationPortraitUpsideDown UIInterfaceOrientationLandscapeLeft UIInterfaceOrientationLandscapeRight";
				INFOPLIST_KEY_UISupportedInterfaceOrientations_iPhone = "UIInterfaceOrientationPortrait UIInterfaceOrientationLandscapeLeft UIInterfaceOrientationLandscapeRight";
				LD_RUNPATH_SEARCH_PATHS = (
					"$(inherited)",
					"@executable_path/Frameworks",
				);
				MARKETING_VERSION = 1.0;
				PRODUCT_BUNDLE_IDENTIFIER = com.stefjen07.HideNSeek;
				PRODUCT_NAME = "$(TARGET_NAME)";
				SWIFT_EMIT_LOC_STRINGS = YES;
				SWIFT_VERSION = 5.0;
				TARGETED_DEVICE_FAMILY = "1,2";
			};
			name = Debug;
		};
		3E4204A52926B9F8002907DD /* Release */ = {
			isa = XCBuildConfiguration;
			buildSettings = {
				ASSETCATALOG_COMPILER_APPICON_NAME = AppIcon;
				ASSETCATALOG_COMPILER_GLOBAL_ACCENT_COLOR_NAME = AccentColor;
				CODE_SIGN_STYLE = Automatic;
				CURRENT_PROJECT_VERSION = 1;
				DEVELOPMENT_ASSET_PATHS = "\"HideNSeek/Preview Content\"";
				DEVELOPMENT_TEAM = S4TJY8UCM7;
				ENABLE_PREVIEWS = YES;
				GENERATE_INFOPLIST_FILE = YES;
				INFOPLIST_FILE = HideNSeek/Info.plist;
				INFOPLIST_KEY_NSBluetoothAlwaysUsageDescription = "Bluetooth is used for seeking";
				INFOPLIST_KEY_NSMicrophoneUsageDescription = "Microphone is used for seeking";
				INFOPLIST_KEY_UIApplicationSupportsIndirectInputEvents = YES;
				INFOPLIST_KEY_UILaunchScreen_Generation = YES;
				INFOPLIST_KEY_UISupportedInterfaceOrientations_iPad = "UIInterfaceOrientationPortrait UIInterfaceOrientationPortraitUpsideDown UIInterfaceOrientationLandscapeLeft UIInterfaceOrientationLandscapeRight";
				INFOPLIST_KEY_UISupportedInterfaceOrientations_iPhone = "UIInterfaceOrientationPortrait UIInterfaceOrientationLandscapeLeft UIInterfaceOrientationLandscapeRight";
				LD_RUNPATH_SEARCH_PATHS = (
					"$(inherited)",
					"@executable_path/Frameworks",
				);
				MARKETING_VERSION = 1.0;
				PRODUCT_BUNDLE_IDENTIFIER = com.stefjen07.HideNSeek;
				PRODUCT_NAME = "$(TARGET_NAME)";
				SWIFT_EMIT_LOC_STRINGS = YES;
				SWIFT_VERSION = 5.0;
				TARGETED_DEVICE_FAMILY = "1,2";
			};
			name = Release;
		};
		3E4204A72926B9F8002907DD /* Debug */ = {
			isa = XCBuildConfiguration;
			buildSettings = {
				ALWAYS_EMBED_SWIFT_STANDARD_LIBRARIES = YES;
				BUNDLE_LOADER = "$(TEST_HOST)";
				CODE_SIGN_STYLE = Automatic;
				CURRENT_PROJECT_VERSION = 1;
				DEVELOPMENT_TEAM = S4TJY8UCM7;
				GENERATE_INFOPLIST_FILE = YES;
				IPHONEOS_DEPLOYMENT_TARGET = 16.1;
				MARKETING_VERSION = 1.0;
				PRODUCT_BUNDLE_IDENTIFIER = com.stefjen07.HideNSeekTests;
				PRODUCT_NAME = "$(TARGET_NAME)";
				SWIFT_EMIT_LOC_STRINGS = NO;
				SWIFT_VERSION = 5.0;
				TARGETED_DEVICE_FAMILY = "1,2";
				TEST_HOST = "$(BUILT_PRODUCTS_DIR)/HideNSeek.app/$(BUNDLE_EXECUTABLE_FOLDER_PATH)/HideNSeek";
			};
			name = Debug;
		};
		3E4204A82926B9F8002907DD /* Release */ = {
			isa = XCBuildConfiguration;
			buildSettings = {
				ALWAYS_EMBED_SWIFT_STANDARD_LIBRARIES = YES;
				BUNDLE_LOADER = "$(TEST_HOST)";
				CODE_SIGN_STYLE = Automatic;
				CURRENT_PROJECT_VERSION = 1;
				DEVELOPMENT_TEAM = S4TJY8UCM7;
				GENERATE_INFOPLIST_FILE = YES;
				IPHONEOS_DEPLOYMENT_TARGET = 16.1;
				MARKETING_VERSION = 1.0;
				PRODUCT_BUNDLE_IDENTIFIER = com.stefjen07.HideNSeekTests;
				PRODUCT_NAME = "$(TARGET_NAME)";
				SWIFT_EMIT_LOC_STRINGS = NO;
				SWIFT_VERSION = 5.0;
				TARGETED_DEVICE_FAMILY = "1,2";
				TEST_HOST = "$(BUILT_PRODUCTS_DIR)/HideNSeek.app/$(BUNDLE_EXECUTABLE_FOLDER_PATH)/HideNSeek";
			};
			name = Release;
		};
		3E4204AA2926B9F8002907DD /* Debug */ = {
			isa = XCBuildConfiguration;
			buildSettings = {
				ALWAYS_EMBED_SWIFT_STANDARD_LIBRARIES = YES;
				CODE_SIGN_STYLE = Automatic;
				CURRENT_PROJECT_VERSION = 1;
				DEVELOPMENT_TEAM = S4TJY8UCM7;
				GENERATE_INFOPLIST_FILE = YES;
				MARKETING_VERSION = 1.0;
				PRODUCT_BUNDLE_IDENTIFIER = com.stefjen07.HideNSeekUITests;
				PRODUCT_NAME = "$(TARGET_NAME)";
				SWIFT_EMIT_LOC_STRINGS = NO;
				SWIFT_VERSION = 5.0;
				TARGETED_DEVICE_FAMILY = "1,2";
				TEST_TARGET_NAME = HideNSeek;
			};
			name = Debug;
		};
		3E4204AB2926B9F8002907DD /* Release */ = {
			isa = XCBuildConfiguration;
			buildSettings = {
				ALWAYS_EMBED_SWIFT_STANDARD_LIBRARIES = YES;
				CODE_SIGN_STYLE = Automatic;
				CURRENT_PROJECT_VERSION = 1;
				DEVELOPMENT_TEAM = S4TJY8UCM7;
				GENERATE_INFOPLIST_FILE = YES;
				MARKETING_VERSION = 1.0;
				PRODUCT_BUNDLE_IDENTIFIER = com.stefjen07.HideNSeekUITests;
				PRODUCT_NAME = "$(TARGET_NAME)";
				SWIFT_EMIT_LOC_STRINGS = NO;
				SWIFT_VERSION = 5.0;
				TARGETED_DEVICE_FAMILY = "1,2";
				TEST_TARGET_NAME = HideNSeek;
			};
			name = Release;
		};
/* End XCBuildConfiguration section */

/* Begin XCConfigurationList section */
		3E42047A2926B9F5002907DD /* Build configuration list for PBXProject "HideNSeek" */ = {
			isa = XCConfigurationList;
			buildConfigurations = (
				3E4204A12926B9F8002907DD /* Debug */,
				3E4204A22926B9F8002907DD /* Release */,
			);
			defaultConfigurationIsVisible = 0;
			defaultConfigurationName = Release;
		};
		3E4204A32926B9F8002907DD /* Build configuration list for PBXNativeTarget "HideNSeek" */ = {
			isa = XCConfigurationList;
			buildConfigurations = (
				3E4204A42926B9F8002907DD /* Debug */,
				3E4204A52926B9F8002907DD /* Release */,
			);
			defaultConfigurationIsVisible = 0;
			defaultConfigurationName = Release;
		};
		3E4204A62926B9F8002907DD /* Build configuration list for PBXNativeTarget "HideNSeekTests" */ = {
			isa = XCConfigurationList;
			buildConfigurations = (
				3E4204A72926B9F8002907DD /* Debug */,
				3E4204A82926B9F8002907DD /* Release */,
			);
			defaultConfigurationIsVisible = 0;
			defaultConfigurationName = Release;
		};
		3E4204A92926B9F8002907DD /* Build configuration list for PBXNativeTarget "HideNSeekUITests" */ = {
			isa = XCConfigurationList;
			buildConfigurations = (
				3E4204AA2926B9F8002907DD /* Debug */,
				3E4204AB2926B9F8002907DD /* Release */,
			);
			defaultConfigurationIsVisible = 0;
			defaultConfigurationName = Release;
		};
/* End XCConfigurationList section */
	};
	rootObject = 3E4204772926B9F5002907DD /* Project object */;
}
